
Microsoft Visual Studio Solution File, Format Version 12.00
# Visual Studio Version 16
VisualStudioVersion = 16.0.30114.105
MinimumVisualStudioVersion = 10.0.40219.1
Project("{FAE04EC0-301F-11D3-BF4B-00C04F79EFBC}") = "API", "API\API.csproj", "{70551C94-4733-436F-9418-AB1B584ADF06}"
EndProject
Project("{FAE04EC0-301F-11D3-BF4B-00C04F79EFBC}") = "Core", "Core\Core.csproj", "{E51EA65C-556C-4D66-BE50-45D3D6DDA9C1}"
EndProject
Project("{FAE04EC0-301F-11D3-BF4B-00C04F79EFBC}") = "Infrastructure", "Infrastructure\Infrastructure.csproj", "{2F5E83CE-FC19-40A2-8359-7C3EEF2AD245}"
EndProject
Global
	GlobalSection(SolutionConfigurationPlatforms) = preSolution
		Debug|Any CPU = Debug|Any CPU
		Debug|x64 = Debug|x64
		Debug|x86 = Debug|x86
		Release|Any CPU = Release|Any CPU
		Release|x64 = Release|x64
		Release|x86 = Release|x86
	EndGlobalSection
	GlobalSection(SolutionProperties) = preSolution
		HideSolutionNode = FALSE
	EndGlobalSection
	GlobalSection(ProjectConfigurationPlatforms) = postSolution
		{70551C94-4733-436F-9418-AB1B584ADF06}.Debug|Any CPU.ActiveCfg = Debug|Any CPU
		{70551C94-4733-436F-9418-AB1B584ADF06}.Debug|Any CPU.Build.0 = Debug|Any CPU
		{70551C94-4733-436F-9418-AB1B584ADF06}.Debug|x64.ActiveCfg = Debug|Any CPU
		{70551C94-4733-436F-9418-AB1B584ADF06}.Debug|x64.Build.0 = Debug|Any CPU
		{70551C94-4733-436F-9418-AB1B584ADF06}.Debug|x86.ActiveCfg = Debug|Any CPU
		{70551C94-4733-436F-9418-AB1B584ADF06}.Debug|x86.Build.0 = Debug|Any CPU
		{70551C94-4733-436F-9418-AB1B584ADF06}.Release|Any CPU.ActiveCfg = Release|Any CPU
		{70551C94-4733-436F-9418-AB1B584ADF06}.Release|Any CPU.Build.0 = Release|Any CPU
		{70551C94-4733-436F-9418-AB1B584ADF06}.Release|x64.ActiveCfg = Release|Any CPU
		{70551C94-4733-436F-9418-AB1B584ADF06}.Release|x64.Build.0 = Release|Any CPU
		{70551C94-4733-436F-9418-AB1B584ADF06}.Release|x86.ActiveCfg = Release|Any CPU
		{70551C94-4733-436F-9418-AB1B584ADF06}.Release|x86.Build.0 = Release|Any CPU
		{E51EA65C-556C-4D66-BE50-45D3D6DDA9C1}.Debug|Any CPU.ActiveCfg = Debug|Any CPU
		{E51EA65C-556C-4D66-BE50-45D3D6DDA9C1}.Debug|Any CPU.Build.0 = Debug|Any CPU
		{E51EA65C-556C-4D66-BE50-45D3D6DDA9C1}.Debug|x64.ActiveCfg = Debug|Any CPU
		{E51EA65C-556C-4D66-BE50-45D3D6DDA9C1}.Debug|x64.Build.0 = Debug|Any CPU
		{E51EA65C-556C-4D66-BE50-45D3D6DDA9C1}.Debug|x86.ActiveCfg = Debug|Any CPU
		{E51EA65C-556C-4D66-BE50-45D3D6DDA9C1}.Debug|x86.Build.0 = Debug|Any CPU
		{E51EA65C-556C-4D66-BE50-45D3D6DDA9C1}.Release|Any CPU.ActiveCfg = Release|Any CPU
		{E51EA65C-556C-4D66-BE50-45D3D6DDA9C1}.Release|Any CPU.Build.0 = Release|Any CPU
		{E51EA65C-556C-4D66-BE50-45D3D6DDA9C1}.Release|x64.ActiveCfg = Release|Any CPU
		{E51EA65C-556C-4D66-BE50-45D3D6DDA9C1}.Release|x64.Build.0 = Release|Any CPU
		{E51EA65C-556C-4D66-BE50-45D3D6DDA9C1}.Release|x86.ActiveCfg = Release|Any CPU
		{E51EA65C-556C-4D66-BE50-45D3D6DDA9C1}.Release|x86.Build.0 = Release|Any CPU
		{2F5E83CE-FC19-40A2-8359-7C3EEF2AD245}.Debug|Any CPU.ActiveCfg = Debug|Any CPU
		{2F5E83CE-FC19-40A2-8359-7C3EEF2AD245}.Debug|Any CPU.Build.0 = Debug|Any CPU
		{2F5E83CE-FC19-40A2-8359-7C3EEF2AD245}.Debug|x64.ActiveCfg = Debug|Any CPU
		{2F5E83CE-FC19-40A2-8359-7C3EEF2AD245}.Debug|x64.Build.0 = Debug|Any CPU
		{2F5E83CE-FC19-40A2-8359-7C3EEF2AD245}.Debug|x86.ActiveCfg = Debug|Any CPU
		{2F5E83CE-FC19-40A2-8359-7C3EEF2AD245}.Debug|x86.Build.0 = Debug|Any CPU
		{2F5E83CE-FC19-40A2-8359-7C3EEF2AD245}.Release|Any CPU.ActiveCfg = Release|Any CPU
		{2F5E83CE-FC19-40A2-8359-7C3EEF2AD245}.Release|Any CPU.Build.0 = Release|Any CPU
		{2F5E83CE-FC19-40A2-8359-7C3EEF2AD245}.Release|x64.ActiveCfg = Release|Any CPU
		{2F5E83CE-FC19-40A2-8359-7C3EEF2AD245}.Release|x64.Build.0 = Release|Any CPU
		{2F5E83CE-FC19-40A2-8359-7C3EEF2AD245}.Release|x86.ActiveCfg = Release|Any CPU
		{2F5E83CE-FC19-40A2-8359-7C3EEF2AD245}.Release|x86.Build.0 = Release|Any CPU
	EndGlobalSection
EndGlobal
